
Microsoft Visual Studio Solution File, Format Version 12.00
# Visual Studio Version 17
VisualStudioVersion = 17.5.33516.290
MinimumVisualStudioVersion = 10.0.40219.1
Project("{9A19103F-16F7-4668-BE54-9A1E7A4F7556}") = "QandA", "QandA.csproj", "{7489BDC5-2BB6-4C6D-9B2C-D0AC5DCE5A9D}"
EndProject
Project("{FAE04EC0-301F-11D3-BF4B-00C04F79EFBC}") = "BackendTests", "..\BackendTests\BackendTests.csproj", "{5EB74DCB-8315-4721-956F-1EA35AFA5113}"
EndProject
Global
	GlobalSection(SolutionConfigurationPlatforms) = preSolution
		Debug|Any CPU = Debug|Any CPU
		Release|Any CPU = Release|Any CPU
	EndGlobalSection
	GlobalSection(ProjectConfigurationPlatforms) = postSolution
		{7489BDC5-2BB6-4C6D-9B2C-D0AC5DCE5A9D}.Debug|Any CPU.ActiveCfg = Debug|Any CPU
		{7489BDC5-2BB6-4C6D-9B2C-D0AC5DCE5A9D}.Debug|Any CPU.Build.0 = Debug|Any CPU
		{7489BDC5-2BB6-4C6D-9B2C-D0AC5DCE5A9D}.Release|Any CPU.ActiveCfg = Release|Any CPU
		{7489BDC5-2BB6-4C6D-9B2C-D0AC5DCE5A9D}.Release|Any CPU.Build.0 = Release|Any CPU
		{5EB74DCB-8315-4721-956F-1EA35AFA5113}.Debug|Any CPU.ActiveCfg = Debug|Any CPU
		{5EB74DCB-8315-4721-956F-1EA35AFA5113}.Debug|Any CPU.Build.0 = Debug|Any CPU
		{5EB74DCB-8315-4721-956F-1EA35AFA5113}.Release|Any CPU.ActiveCfg = Release|Any CPU
		{5EB74DCB-8315-4721-956F-1EA35AFA5113}.Release|Any CPU.Build.0 = Release|Any CPU
	EndGlobalSection
	GlobalSection(SolutionProperties) = preSolution
		HideSolutionNode = FALSE
	EndGlobalSection
	GlobalSection(ExtensibilityGlobals) = postSolution
		SolutionGuid = {70BEF5A6-6C94-454B-876E-2FD4AC2A91A2}
	EndGlobalSection
EndGlobal
